icu70.repository=https://packages.ubuntu.com/jammy/amd64/libicu70/download
icu70.release=70.1-2
icu70.version=70.1
icu70.hosts.linux-amd64.asset=libicu70_70.1-2_amd64.deb
icu70.hosts.linux-amd64.url=https://archive.ubuntu.com/ubuntu/pool/main/i/icu/libicu70_70.1-2_amd64.deb
icu70.hosts.linux-amd64.sha256=58a154f6307289813da2276f900498ef536ae7c0522d2cf31a3c3c5cf62dfd9a
icu70.hosts.linux-amd64.size=10581942
odin.repository=odin-lang/Odin
odin.release=dev-2026-09
odin.version=dev-2026-09
odin.hosts.linux-amd64.asset=odin-linux-amd64-dev-2026-09.tar.gz
odin.hosts.linux-amd64.url=https://github.com/odin-lang/Odin/releases/download/dev-2026-09/odin-linux-amd64-dev-2026-09.tar.gz
odin.hosts.linux-amd64.sha256=167c3e1d7056419dad2e04bb3bd98715b7ff286d4c125f3c5a5ee337c6254283
odin.hosts.linux-amd64.size=70000274
odin.hosts.windows-amd64.asset=odin-windows-amd64-dev-2026-09.zip
odin.hosts.windows-amd64.url=https://github.com/odin-lang/Odin/releases/download/dev-2026-09/odin-windows-amd64-dev-2026-09.zip
odin.hosts.windows-amd64.sha256=8ed8abd95b82e0af1eb7e86cb75f380fd8bde104947721817b35929f5fc19388
odin.hosts.windows-amd64.size=148548059
odin.commit=a2fb372b76e81ef31fbbc8a2cf2b4fdf5ac6c924
llvm.repository=llvm/llvm-project
llvm.release=llvmorg-23.1.1
llvm.version=23.1.1
llvm.hosts.linux-amd64.asset=LLVM-23.1.1-Linux-X64.tar.xz
llvm.hosts.linux-amd64.url=https://github.com/llvm/llvm-project/releases/download/llvmorg-23.1.1/LLVM-23.1.1-Linux-X64.tar.xz
llvm.hosts.linux-amd64.sha256=832aeb58d105de1cabc7b982dd2c65de0610f7377df48ae8fc2dd8e97420a15c
llvm.hosts.linux-amd64.size=2014958380
llvm.hosts.windows-amd64.asset=clang+llvm-23.1.1-x86_64-pc-windows-msvc.tar.xz
llvm.hosts.windows-amd64.url=https://github.com/llvm/llvm-project/releases/download/llvmorg-23.1.1/clang+llvm-23.1.1-x86_64-pc-windows-msvc.tar.xz
llvm.hosts.windows-amd64.sha256=c54ac8146b420fe72e11e6fdd56498d6818011ad23267196b6ab37b5ac9264c3
llvm.hosts.windows-amd64.size=901304424
cmake.repository=Kitware/CMake
cmake.release=v4.4.3
cmake.version=4.4.3
cmake.hosts.linux-amd64.asset=cmake-4.4.3-linux-x86_64.tar.gz
cmake.hosts.linux-amd64.url=https://github.com/Kitware/CMake/releases/download/v4.4.3/cmake-4.4.3-linux-x86_64.tar.gz
cmake.hosts.linux-amd64.sha256=d6c83076c575bc00b823522ac974bda66d0af05d6ddc30e739c12385cf32c6cc
cmake.hosts.linux-amd64.size=64872980
cmake.hosts.windows-amd64.asset=cmake-4.4.3-windows-x86_64.zip
cmake.hosts.windows-amd64.url=https://github.com/Kitware/CMake/releases/download/v4.4.3/cmake-4.4.3-windows-x86_64.zip
cmake.hosts.windows-amd64.sha256=4d52ebab7193a698651639ed80d8d04fd903358843572cf44c7fd234cb7c26ab
cmake.hosts.windows-amd64.size=54408599
ninja.repository=ninja-build/ninja
ninja.release=v1.13.2
ninja.version=1.13.2
ninja.hosts.linux-amd64.asset=ninja-linux.zip
ninja.hosts.linux-amd64.url=https://github.com/ninja-build/ninja/releases/download/v1.13.2/ninja-linux.zip
ninja.hosts.linux-amd64.sha256=5749cbc4e668273514150a80e387a957f933c6ed3f5f11e03fb30955e2bbead6
ninja.hosts.linux-amd64.size=134040
ninja.hosts.windows-amd64.asset=ninja-win.zip
ninja.hosts.windows-amd64.url=https://github.com/ninja-build/ninja/releases/download/v1.13.2/ninja-win.zip
ninja.hosts.windows-amd64.sha256=07fc8261b42b20e71d1720b39068c2e14ffcee6396b76fb7a795fb460b78dc65
ninja.hosts.windows-amd64.size=291570
